
Microsoft Visual Studio Solution File, Format Version 12.00
# Visual Studio Version 16
VisualStudioVersion = 16.0.32602.291
MinimumVisualStudioVersion = 10.0.40219.1
Project("{8BC9CEB8-8B4A-11D0-8D11-00A0C91BC942}") = "hello_github", "hello_github\hello_github.vcxproj", "{586C0A2E-B818-4D78-885E-F3AF51614F3B}"
EndProject
Global
	GlobalSection(SolutionConfigurationPlatforms) = preSolution
		Debug|x64 = Debug|x64
		Debug|x86 = Debug|x86
		Release|x64 = Release|x64
		Release|x86 = Release|x86
	EndGlobalSection
	GlobalSection(ProjectConfigurationPlatforms) = postSolution
		{586C0A2E-B818-4D78-885E-F3AF51614F3B}.Debug|x64.ActiveCfg = Debug|x64
		{586C0A2E-B818-4D78-885E-F3AF51614F3B}.Debug|x64.Build.0 = Debug|x64
		{586C0A2E-B818-4D78-885E-F3AF51614F3B}.Debug|x86.ActiveCfg = Debug|Win32
		{586C0A2E-B818-4D78-885E-F3AF51614F3B}.Debug|x86.Build.0 = Debug|Win32
		{586C0A2E-B818-4D78-885E-F3AF51614F3B}.Release|x64.ActiveCfg = Release|x64
		{586C0A2E-B818-4D78-885E-F3AF51614F3B}.Release|x64.Build.0 = Release|x64
		{586C0A2E-B818-4D78-885E-F3AF51614F3B}.Release|x86.ActiveCfg = Release|Win32
		{586C0A2E-B818-4D78-885E-F3AF51614F3B}.Release|x86.Build.0 = Release|Win32
	EndGlobalSection
	GlobalSection(SolutionProperties) = preSolution
		HideSolutionNode = FALSE
	EndGlobalSection
	GlobalSection(ExtensibilityGlobals) = postSolution
		SolutionGuid = {D2A2F8A0-5638-4CB2-AF95-86E253D1B1B8}
	EndGlobalSection
EndGlobal
